{
  "name": "ipfs-search-benchmark",
  "version": "0.1.0",
  "lockfileVersion": 2,
  "requires": true,
  "packages": {
    "": {
      "name": "ipfs-search-benchmark",
      "version": "0.1.0",
      "license": "AGPL-3.0-or-later",
      "dependencies": {
        "clf-parser": "^1.0.0"
      },
      "devDependencies": {
        "prettier": "2.8.1"
      }
    },
    "node_modules/clf-parser": {
      "version": "1.0.0",
      "resolved": "https://registry.npmjs.org/clf-parser/-/clf-parser-1.0.0.tgz",
      "integrity": "sha512-RnPkxy/BDmGpBihRSYQegkwTV87LvZFHDdgMLQPzKcjTIu04rpShdAY4s3SJ8NQFaQMiMlb68xZhnWk5EPm/Pg=="
    },
    "node_modules/prettier": {
      "version": "2.8.1",
      "resolved": "https://registry.npmjs.org/prettier/-/prettier-2.8.1.tgz",
      "integrity": "sha512-lqGoSJBQNJidqCHE80vqZJHWHRFoNYsSpP9AjFhlhi9ODCJA541svILes/+/1GM3VaL/abZi7cpFzOpdR9UPKg==",
      "dev": true,
      "bin": {
        "prettier": "bin-prettier.js"
      },
      "engines": {
        "node": ">=10.13.0"
      },
      "funding": {
        "url": "https://github.com/prettier/prettier?sponsor=1"
      }
    }
  },
  "dependencies": {
    "clf-parser": {
      "version": "1.0.0",
      "resolved": "https://registry.npmjs.org/clf-parser/-/clf-parser-1.0.0.tgz",
      "integrity": "sha512-RnPkxy/BDmGpBihRSYQegkwTV87LvZFHDdgMLQPzKcjTIu04rpShdAY4s3SJ8NQFaQMiMlb68xZhnWk5EPm/Pg=="
    },
    "prettier": {
      "version": "2.8.1",
      "resolved": "https://registry.npmjs.org/prettier/-/prettier-2.8.1.tgz",
      "integrity": "sha512-lqGoSJBQNJidqCHE80vqZJHWHRFoNYsSpP9AjFhlhi9ODCJA541svILes/+/1GM3VaL/abZi7cpFzOpdR9UPKg==",
      "dev": true
    }
  }
}
